# THIS IS AN AUTOGENERATED FILE. DO NOT EDIT THIS FILE DIRECTLY.
# yarn lockfile v1


"@fortawesome/fontawesome-free@^5.5.0":
  version "5.5.0"
  resolved "https://registry.yarnpkg.com/@fortawesome/fontawesome-free/-/fontawesome-free-5.5.0.tgz#0c6c53823d04457ae669cd19567b8a21dbb4fcfd"
  integrity sha512-p4lu0jfj5QN013ddArh99r3OXZ/fp9rbovs62LfaO70OMBsAXxtNd0lAq/97fitrscR0fqfd+/a5KNcp6Sh/0A==

datatables.net@^1.10.19:
  version "1.10.19"
  resolved "https://registry.yarnpkg.com/datatables.net/-/datatables.net-1.10.19.tgz#97a1ed41c85e62d61040603481b59790a172dd1f"
  integrity sha512-+ljXcI6Pj3PTGy5pesp3E5Dr3x3AV45EZe0o1r0gKENN2gafBKXodVnk2ypKwl2tTmivjxbkiqoWnipTefyBTA==
  dependencies:
    jquery ">=1.7"

jquery@>=1.7:
  version "3.3.1"
  resolved "https://registry.yarnpkg.com/jquery/-/jquery-3.3.1.tgz#958ce29e81c9790f31be7792df5d4d95fc57fbca"
  integrity sha512-Ubldcmxp5np52/ENotGxlLe6aGMvmF4R8S6tZjsP6Knsaxd/xp3Zrh50cG93lR6nPXyUFwzN3ZSOQI0wRJNdGg==

uikit@^3.0.0-rc.24:
  version "3.0.0-rc.24"
  resolved "https://registry.yarnpkg.com/uikit/-/uikit-3.0.0-rc.24.tgz#df4e749958a31a0a336feb23db6f3e887050bee6"
  integrity sha512-iNo4bcSIAUm2nEPQrY5NVHaZhV8BkMo2SnVqPPq5gO8Ki11l5S4ndFZLfv3bTfl9fifXDdtejTBuZwPyEuLpZg==
